{
  "originHash" : "d7dc0ed2fc2accbba00a09bc51177e45662edca6e0d449581070d12d33365c84",
  "pins" : [
    {
      "identity" : "swift-collections",
      "kind" : "remoteSourceControl",
      "location" : "https://github.com/apple/swift-collections",
      "state" : {
        "revision" : "671108c96644956dddcd89dd59c203dcdb36cec7",
        "version" : "1.1.4"
      }
    },
    {
      "identity" : "swift-identified-collections?tab=readme-ov-file",
      "kind" : "remoteSourceControl",
      "location" : "https://github.com/pointfreeco/swift-identified-collections?tab=readme-ov-file",
      "state" : {
        "revision" : "322d9ffeeba85c9f7c4984b39422ec7cc3c56597",
        "version" : "1.1.1"
      }
    },
    {
      "identity" : "swiftui-window-overlay",
      "kind" : "remoteSourceControl",
      "location" : "https://github.com/sunghyun-k/swiftui-window-overlay.git",
      "state" : {
        "revision" : "af0adae224dfe27e094bdef19a71fa4cc020cfbb",
        "version" : "1.0.1"
      }
    },
    {
      "identity" : "utility",
      "kind" : "remoteSourceControl",
      "location" : "https://github.com/Evo4/Utility",
      "state" : {
        "branch" : "master",
        "revision" : "a1956424ba63338e893c518417c145574c854067"
      }
    }
  ],
  "version" : 3
}
